
Microsoft Visual Studio Solution File, Format Version 12.00
# Visual Studio 15
VisualStudioVersion = 15.0.26730.8
MinimumVisualStudioVersion = 10.0.40219.1
Project("{9A19103F-16F7-4668-BE54-9A1E7A4F7556}") = "OnlinePizza", "OnlinePizza\OnlinePizza.csproj", "{CC57A12F-0F48-4A9F-9CB9-3E71F661CF5D}"
EndProject
Project("{FAE04EC0-301F-11D3-BF4B-00C04F79EFBC}") = "OnlinePizzaTest", "OnlinePizzaTest\OnlinePizzaTest.csproj", "{A3E7CC2E-240F-496D-8E7A-746EA455DC7E}"
EndProject
Global
	GlobalSection(SolutionConfigurationPlatforms) = preSolution
		Debug|Any CPU = Debug|Any CPU
		Release|Any CPU = Release|Any CPU
	EndGlobalSection
	GlobalSection(ProjectConfigurationPlatforms) = postSolution
		{CC57A12F-0F48-4A9F-9CB9-3E71F661CF5D}.Debug|Any CPU.ActiveCfg = Debug|Any CPU
		{CC57A12F-0F48-4A9F-9CB9-3E71F661CF5D}.Debug|Any CPU.Build.0 = Debug|Any CPU
		{CC57A12F-0F48-4A9F-9CB9-3E71F661CF5D}.Release|Any CPU.ActiveCfg = Release|Any CPU
		{CC57A12F-0F48-4A9F-9CB9-3E71F661CF5D}.Release|Any CPU.Build.0 = Release|Any CPU
		{A3E7CC2E-240F-496D-8E7A-746EA455DC7E}.Debug|Any CPU.ActiveCfg = Debug|Any CPU
		{A3E7CC2E-240F-496D-8E7A-746EA455DC7E}.Debug|Any CPU.Build.0 = Debug|Any CPU
		{A3E7CC2E-240F-496D-8E7A-746EA455DC7E}.Release|Any CPU.ActiveCfg = Release|Any CPU
		{A3E7CC2E-240F-496D-8E7A-746EA455DC7E}.Release|Any CPU.Build.0 = Release|Any CPU
	EndGlobalSection
	GlobalSection(SolutionProperties) = preSolution
		HideSolutionNode = FALSE
	EndGlobalSection
	GlobalSection(ExtensibilityGlobals) = postSolution
		SolutionGuid = {F29F4249-25FE-48A0-8E11-689E93B48CD9}
	EndGlobalSection
EndGlobal
